{
  "nodes": {
    "device-sm8350-common": {
      "flake": false,
      "locked": {
        "lastModified": 1750621801,
        "narHash": "sha256-uKNlE7fPL1n4RM94eLw7+61IcrL7nYbwjUrJ+pAMm+g=",
        "owner": "AOSP-for-vili",
        "repo": "device_xiaomi_sm8350-common",
        "rev": "715498a217df05b69e4dde7455b545027b722f8c",
        "type": "github"
      },
      "original": {
        "owner": "AOSP-for-vili",
        "ref": "derp",
        "repo": "device_xiaomi_sm8350-common",
        "type": "github"
      }
    },
    "device-vili": {
      "flake": false,
      "locked": {
        "lastModified": 1751362551,
        "narHash": "sha256-iOGCvUTS5hOKujwMIyW3WLNq46XLTznmoVgxpDz8nog=",
        "owner": "FrederikRichter",
        "repo": "device_xiaomi_vili",
        "rev": "4175fe80df16eaf537b15d83719bb5416013b726",
        "type": "github"
      },
      "original": {
        "owner": "FrederikRichter",
        "ref": "derp",
        "repo": "device_xiaomi_vili",
        "type": "github"
      }
    },
    "flake-utils": {
      "inputs": {
        "systems": "systems"
      },
      "locked": {
        "lastModified": 1731533236,
        "narHash": "sha256-l0KFg5HjrsfsO/JpG+r7fRrqm12kzFHyUHqHCVpMMbI=",
        "owner": "numtide",
        "repo": "flake-utils",
        "rev": "11707dc2f618dd54ca8739b309ec4fc024de578b",
        "type": "github"
      },
      "original": {
        "owner": "numtide",
        "repo": "flake-utils",
        "type": "github"
      }
    },
    "hardware-xiaomi": {
      "flake": false,
      "locked": {
        "lastModified": 1750538902,
        "narHash": "sha256-Hi9EUkDvfpl/ag5oFogpCwlPjEbb+Tz1iYVRPdNLTzA=",
        "owner": "AOSP-for-vili",
        "repo": "android_hardware_xiaomi",
        "rev": "ffb57460733aff32ae1b968dac6d9575d67b9a37",
        "type": "github"
      },
      "original": {
        "owner": "AOSP-for-vili",
        "ref": "lineage-22.2",
        "repo": "android_hardware_xiaomi",
        "type": "github"
      }
    },
    "kernel-sm8350": {
      "flake": false,
      "locked": {
        "lastModified": 1750620719,
        "narHash": "sha256-P09MN4mLzh1UQ1FRST4+Ol3wb3gyxXMcoAJoK694nDE=",
        "owner": "AOSP-for-vili",
        "repo": "android_kernel_xiaomi_sm8350",
        "rev": "71dff51d44c35d21f8ea8634ff6da3cd6b821d4a",
        "type": "github"
      },
      "original": {
        "owner": "AOSP-for-vili",
        "ref": "lineage-22.2",
        "repo": "android_kernel_xiaomi_sm8350",
        "type": "github"
      }
    },
    "nixpkgs": {
      "locked": {
        "lastModified": 1751271578,
        "narHash": "sha256-P/SQmKDu06x8yv7i0s8bvnnuJYkxVGBWLWHaU+tt4YY=",
        "owner": "NixOS",
        "repo": "nixpkgs",
        "rev": "3016b4b15d13f3089db8a41ef937b13a9e33a8df",
        "type": "github"
      },
      "original": {
        "owner": "NixOS",
        "ref": "nixos-unstable",
        "repo": "nixpkgs",
        "type": "github"
      }
    },
    "root": {
      "inputs": {
        "device-sm8350-common": "device-sm8350-common",
        "device-vili": "device-vili",
        "flake-utils": "flake-utils",
        "hardware-xiaomi": "hardware-xiaomi",
        "kernel-sm8350": "kernel-sm8350",
        "nixpkgs": "nixpkgs",
        "vendor-sm8350-common": "vendor-sm8350-common",
        "vendor-vili": "vendor-vili",
        "vendor-vili-firmware": "vendor-vili-firmware"
      }
    },
    "systems": {
      "locked": {
        "lastModified": 1681028828,
        "narHash": "sha256-Vy1rq5AaRuLzOxct8nz4T6wlgyUR7zLU309k9mBC768=",
        "owner": "nix-systems",
        "repo": "default",
        "rev": "da67096a3b9bf56a91d16901293e51ba5b49a27e",
        "type": "github"
      },
      "original": {
        "owner": "nix-systems",
        "repo": "default",
        "type": "github"
      }
    },
    "vendor-sm8350-common": {
      "flake": false,
      "locked": {
        "lastModified": 1748720798,
        "narHash": "sha256-hV6I/C4kjMsLYj5uJSEIGwIJWLZ03pcZudrm26JVu3s=",
        "owner": "AOSP-for-vili",
        "repo": "vendor_xiaomi_sm8350-common",
        "rev": "cce0363b8fb648ddaebe22021d64e11daf524efe",
        "type": "github"
      },
      "original": {
        "owner": "AOSP-for-vili",
        "ref": "lineage-22.2",
        "repo": "vendor_xiaomi_sm8350-common",
        "type": "github"
      }
    },
    "vendor-vili": {
      "flake": false,
      "locked": {
        "lastModified": 1750620351,
        "narHash": "sha256-lrN+uT9CZlCYa3FTCYVSEu+bUUz6LUR5DX2aCdLfF8U=",
        "owner": "AOSP-for-vili",
        "repo": "vendor_xiaomi_vili",
        "rev": "c0dbba48ae64ac41094a7c087c1e8517eac83f7c",
        "type": "github"
      },
      "original": {
        "owner": "AOSP-for-vili",
        "ref": "lineage-22.2",
        "repo": "vendor_xiaomi_vili",
        "type": "github"
      }
    },
    "vendor-vili-firmware": {
      "flake": false,
      "locked": {
        "lastModified": 1749865395,
        "narHash": "sha256-5CW7MVw5j7Ttc1Od821J2KMdyCiGLD4FrifhpLdGl3g=",
        "owner": "0mar99",
        "repo": "vendor-xiaomi-vili-firmware",
        "rev": "618cfbba8e03f26fa39b74ff9bc14eef8d94bbde",
        "type": "gitlab"
      },
      "original": {
        "owner": "0mar99",
        "ref": "main",
        "repo": "vendor-xiaomi-vili-firmware",
        "type": "gitlab"
      }
    }
  },
  "root": "root",
  "version": 7
}
